
Microsoft Visual Studio Solution File, Format Version 12.00
# Visual Studio Version 17
VisualStudioVersion = 17.7.34202.233
MinimumVisualStudioVersion = 10.0.40219.1
Project("{FAE04EC0-301F-11D3-BF4B-00C04F79EFBC}") = "Binary Clock", "Binary Clock\Binary Clock.csproj", "{6B8889A1-AC1F-4631-B746-2D459E9EAA11}"
EndProject
Global
	GlobalSection(SolutionConfigurationPlatforms) = preSolution
		Debug|Any CPU = Debug|Any CPU
		Release|Any CPU = Release|Any CPU
	EndGlobalSection
	GlobalSection(ProjectConfigurationPlatforms) = postSolution
		{6B8889A1-AC1F-4631-B746-2D459E9EAA11}.Debug|Any CPU.ActiveCfg = Debug|Any CPU
		{6B8889A1-AC1F-4631-B746-2D459E9EAA11}.Debug|Any CPU.Build.0 = Debug|Any CPU
		{6B8889A1-AC1F-4631-B746-2D459E9EAA11}.Release|Any CPU.ActiveCfg = Release|Any CPU
		{6B8889A1-AC1F-4631-B746-2D459E9EAA11}.Release|Any CPU.Build.0 = Release|Any CPU
	EndGlobalSection
	GlobalSection(SolutionProperties) = preSolution
		HideSolutionNode = FALSE
	EndGlobalSection
	GlobalSection(ExtensibilityGlobals) = postSolution
		SolutionGuid = {398F44BB-4A8C-4950-BCA3-E8451A32C4F0}
	EndGlobalSection
EndGlobal
